// !$*UTF8*$!
{
	archiveVersion = 1;
	classes = {
	};
	objectVersion = 55;
	objects = {

/* Begin PBXBuildFile section */
		DF4629C62851051B00E47343 /* Tests_iOS.swift in Sources */ = {isa = PBXBuildFile; fileRef = DF4629C52851051B00E47343 /* Tests_iOS.swift */; };
		DF4629C82851051B00E47343 /* Tests_iOSLaunchTests.swift in Sources */ = {isa = PBXBuildFile; fileRef = DF4629C72851051B00E47343 /* Tests_iOSLaunchTests.swift */; };
		DF4629D22851051C00E47343 /* Tests_macOS.swift in Sources */ = {isa = PBXBuildFile; fileRef = DF4629D12851051C00E47343 /* Tests_macOS.swift */; };
		DF4629D42851051C00E47343 /* Tests_macOSLaunchTests.swift in Sources */ = {isa = PBXBuildFile; fileRef = DF4629D32851051C00E47343 /* Tests_macOSLaunchTests.swift */; };
		DF4629D52851051C00E47343 /* BeckersApp.swift in Sources */ = {isa = PBXBuildFile; fileRef = DF4629AD2851051700E47343 /* BeckersApp.swift */; };
		DF4629D62851051C00E47343 /* BeckersApp.swift in Sources */ = {isa = PBXBuildFile; fileRef = DF4629AD2851051700E47343 /* BeckersApp.swift */; };
		DF4629D72851051C00E47343 /* ContentView.swift in Sources */ = {isa = PBXBuildFile; fileRef = DF4629AE2851051700E47343 /* ContentView.swift */; };
		DF4629D82851051C00E47343 /* ContentView.swift in Sources */ = {isa = PBXBuildFile; fileRef = DF4629AE2851051700E47343 /* ContentView.swift */; };
		DF4629D92851051C00E47343 /* Assets.xcassets in Resources */ = {isa = PBXBuildFile; fileRef = DF4629AF2851051B00E47343 /* Assets.xcassets */; };
		DF4629DA2851051C00E47343 /* Assets.xcassets in Resources */ = {isa = PBXBuildFile; fileRef = DF4629AF2851051B00E47343 /* Assets.xcassets */; };
		DF4629EA285932D900E47343 /* GameModels.swift in Sources */ = {isa = PBXBuildFile; fileRef = DF4629E9285932D900E47343 /* GameModels.swift */; };
		DF4629EB285932D900E47343 /* GameModels.swift in Sources */ = {isa = PBXBuildFile; fileRef = DF4629E9285932D900E47343 /* GameModels.swift */; };
/* End PBXBuildFile section */

/* Begin PBXContainerItemProxy section */
		DF4629C22851051B00E47343 /* PBXContainerItemProxy */ = {
			isa = PBXContainerItemProxy;
			containerPortal = DF4629A82851051700E47343 /* Project object */;
			proxyType = 1;
			remoteGlobalIDString = DF4629B32851051B00E47343;
			remoteInfo = "Beckers (iOS)";
		};
		DF4629CE2851051C00E47343 /* PBXContainerItemProxy */ = {
			isa = PBXContainerItemProxy;
			containerPortal = DF4629A82851051700E47343 /* Project object */;
			proxyType = 1;
			remoteGlobalIDString = DF4629B92851051B00E47343;
			remoteInfo = "Beckers (macOS)";
		};
/* End PBXContainerItemProxy section */

/* Begin PBXFileReference section */
		DF4629AD2851051700E47343 /* BeckersApp.swift */ = {isa = PBXFileReference; lastKnownFileType = sourcecode.swift; path = BeckersApp.swift; sourceTree = "<group>"; };
		DF4629AE2851051700E47343 /* ContentView.swift */ = {isa = PBXFileReference; lastKnownFileType = sourcecode.swift; path = ContentView.swift; sourceTree = "<group>"; };
		DF4629AF2851051B00E47343 /* Assets.xcassets */ = {isa = PBXFileReference; lastKnownFileType = folder.assetcatalog; path = Assets.xcassets; sourceTree = "<group>"; };
		DF4629B42851051B00E47343 /* Beckers.app */ = {isa = PBXFileReference; explicitFileType = wrapper.application; includeInIndex = 0; path = Beckers.app; sourceTree = BUILT_PRODUCTS_DIR; };
		DF4629BA2851051B00E47343 /* Beckers.app */ = {isa = PBXFileReference; explicitFileType = wrapper.application; includeInIndex = 0; path = Beckers.app; sourceTree = BUILT_PRODUCTS_DIR; };
		DF4629BC2851051B00E47343 /* macOS.entitlements */ = {isa = PBXFileReference; lastKnownFileType = text.plist.entitlements; path = macOS.entitlements; sourceTree = "<group>"; };
		DF4629C12851051B00E47343 /* Tests iOS.xctest */ = {isa = PBXFileReference; explicitFileType = wrapper.cfbundle; includeInIndex = 0; path = "Tests iOS.xctest"; sourceTree = BUILT_PRODUCTS_DIR; };
		DF4629C52851051B00E47343 /* Tests_iOS.swift */ = {isa = PBXFileReference; lastKnownFileType = sourcecode.swift; path = Tests_iOS.swift; sourceTree = "<group>"; };
		DF4629C72851051B00E47343 /* Tests_iOSLaunchTests.swift */ = {isa = PBXFileReference; lastKnownFileType = sourcecode.swift; path = Tests_iOSLaunchTests.swift; sourceTree = "<group>"; };
		DF4629CD2851051C00E47343 /* Tests macOS.xctest */ = {isa = PBXFileReference; explicitFileType = wrapper.cfbundle; includeInIndex = 0; path = "Tests macOS.xctest"; sourceTree = BUILT_PRODUCTS_DIR; };
		DF4629D12851051C00E47343 /* Tests_macOS.swift */ = {isa = PBXFileReference; lastKnownFileType = sourcecode.swift; path = Tests_macOS.swift; sourceTree = "<group>"; };
		DF4629D32851051C00E47343 /* Tests_macOSLaunchTests.swift */ = {isa = PBXFileReference; lastKnownFileType = sourcecode.swift; path = Tests_macOSLaunchTests.swift; sourceTree = "<group>"; };
		DF4629E9285932D900E47343 /* GameModels.swift */ = {isa = PBXFileReference; lastKnownFileType = sourcecode.swift; path = GameModels.swift; sourceTree = "<group>"; };
/* End PBXFileReference section */

/* Begin PBXFrameworksBuildPhase section */
		DF4629B12851051B00E47343 /* Frameworks */ = {
			isa = PBXFrameworksBuildPhase;
			buildActionMask = 2147483647;
			files = (
			);
			runOnlyForDeploymentPostprocessing = 0;
		};
		DF4629B72851051B00E47343 /* Frameworks */ = {
			isa = PBXFrameworksBuildPhase;
			buildActionMask = 2147483647;
			files = (
			);
			runOnlyForDeploymentPostprocessing = 0;
		};
		DF4629BE2851051B00E47343 /* Frameworks */ = {
			isa = PBXFrameworksBuildPhase;
			buildActionMask = 2147483647;
			files = (
			);
			runOnlyForDeploymentPostprocessing = 0;
		};
		DF4629CA2851051C00E47343 /* Frameworks */ = {
			isa = PBXFrameworksBuildPhase;
			buildActionMask = 2147483647;
			files = (
			);
			runOnlyForDeploymentPostprocessing = 0;
		};
/* End PBXFrameworksBuildPhase section */

/* Begin PBXGroup section */
		DF4629A72851051700E47343 = {
			isa = PBXGroup;
			children = (
				DF4629AC2851051700E47343 /* Shared */,
				DF4629BB2851051B00E47343 /* macOS */,
				DF4629C42851051B00E47343 /* Tests iOS */,
				DF4629D02851051C00E47343 /* Tests macOS */,
				DF4629B52851051B00E47343 /* Products */,
			);
			sourceTree = "<group>";
		};
		DF4629AC2851051700E47343 /* Shared */ = {
			isa = PBXGroup;
			children = (
				DF4629AD2851051700E47343 /* BeckersApp.swift */,
				DF4629AE2851051700E47343 /* ContentView.swift */,
				DF4629E9285932D900E47343 /* GameModels.swift */,
				DF4629AF2851051B00E47343 /* Assets.xcassets */,
			);
			path = Shared;
			sourceTree = "<group>";
		};
		DF4629B52851051B00E47343 /* Products */ = {
			isa = PBXGroup;
			children = (
				DF4629B42851051B00E47343 /* Beckers.app */,
				DF4629BA2851051B00E47343 /* Beckers.app */,
				DF4629C12851051B00E47343 /* Tests iOS.xctest */,
				DF4629CD2851051C00E47343 /* Tests macOS.xctest */,
			);
			name = Products;
			sourceTree = "<group>";
		};
		DF4629BB2851051B00E47343 /* macOS */ = {
			isa = PBXGroup;
			children = (
				DF4629BC2851051B00E47343 /* macOS.entitlements */,
			);
			path = macOS;
			sourceTree = "<group>";
		};
		DF4629C42851051B00E47343 /* Tests iOS */ = {
			isa = PBXGroup;
			children = (
				DF4629C52851051B00E47343 /* Tests_iOS.swift */,
				DF4629C72851051B00E47343 /* Tests_iOSLaunchTests.swift */,
			);
			path = "Tests iOS";
			sourceTree = "<group>";
		};
		DF4629D02851051C00E47343 /* Tests macOS */ = {
			isa = PBXGroup;
			children = (
				DF4629D12851051C00E47343 /* Tests_macOS.swift */,
				DF4629D32851051C00E47343 /* Tests_macOSLaunchTests.swift */,
			);
			path = "Tests macOS";
			sourceTree = "<group>";
		};
/* End PBXGroup section */

/* Begin PBXNativeTarget section */
		DF4629B32851051B00E47343 /* Beckers (iOS) */ = {
			isa = PBXNativeTarget;
			buildConfigurationList = DF4629DD2851051C00E47343 /* Build configuration list for PBXNativeTarget "Beckers (iOS)" */;
			buildPhases = (
				DF4629B02851051B00E47343 /* Sources */,
				DF4629B12851051B00E47343 /* Frameworks */,
				DF4629B22851051B00E47343 /* Resources */,
			);
			buildRules = (
			);
			dependencies = (
			);
			name = "Beckers (iOS)";
			productName = "Beckers (iOS)";
			productReference = DF4629B42851051B00E47343 /* Beckers.app */;
			productType = "com.apple.product-type.application";
		};
		DF4629B92851051B00E47343 /* Beckers (macOS) */ = {
			isa = PBXNativeTarget;
			buildConfigurationList = DF4629E02851051C00E47343 /* Build configuration list for PBXNativeTarget "Beckers (macOS)" */;
			buildPhases = (
				DF4629B62851051B00E47343 /* Sources */,
				DF4629B72851051B00E47343 /* Frameworks */,
				DF4629B82851051B00E47343 /* Resources */,
			);
			buildRules = (
			);
			dependencies = (
			);
			name = "Beckers (macOS)";
			productName = "Beckers (macOS)";
			productReference = DF4629BA2851051B00E47343 /* Beckers.app */;
			productType = "com.apple.product-type.application";
		};
		DF4629C02851051B00E47343 /* Tests iOS */ = {
			isa = PBXNativeTarget;
			buildConfigurationList = DF4629E32851051C00E47343 /* Build configuration list for PBXNativeTarget "Tests iOS" */;
			buildPhases = (
				DF4629BD2851051B00E47343 /* Sources */,
				DF4629BE2851051B00E47343 /* Frameworks */,
				DF4629BF2851051B00E47343 /* Resources */,
			);
			buildRules = (
			);
			dependencies = (
				DF4629C32851051B00E47343 /* PBXTargetDependency */,
			);
			name = "Tests iOS";
			productName = "Tests iOS";
			productReference = DF4629C12851051B00E47343 /* Tests iOS.xctest */;
			productType = "com.apple.product-type.bundle.ui-testing";
		};
		DF4629CC2851051C00E47343 /* Tests macOS */ = {
			isa = PBXNativeTarget;
			buildConfigurationList = DF4629E62851051C00E47343 /* Build configuration list for PBXNativeTarget "Tests macOS" */;
			buildPhases = (
				DF4629C92851051C00E47343 /* Sources */,
				DF4629CA2851051C00E47343 /* Frameworks */,
				DF4629CB2851051C00E47343 /* Resources */,
			);
			buildRules = (
			);
			dependencies = (
				DF4629CF2851051C00E47343 /* PBXTargetDependency */,
			);
			name = "Tests macOS";
			productName = "Tests macOS";
			productReference = DF4629CD2851051C00E47343 /* Tests macOS.xctest */;
			productType = "com.apple.product-type.bundle.ui-testing";
		};
/* End PBXNativeTarget section */

/* Begin PBXProject section */
		DF4629A82851051700E47343 /* Project object */ = {
			isa = PBXProject;
			attributes = {
				BuildIndependentTargetsInParallel = 1;
				LastSwiftUpdateCheck = 1330;
				LastUpgradeCheck = 1330;
				TargetAttributes = {
					DF4629B32851051B00E47343 = {
						CreatedOnToolsVersion = 13.3;
					};
					DF4629B92851051B00E47343 = {
						CreatedOnToolsVersion = 13.3;
					};
					DF4629C02851051B00E47343 = {
						CreatedOnToolsVersion = 13.3;
						TestTargetID = DF4629B32851051B00E47343;
					};
					DF4629CC2851051C00E47343 = {
						CreatedOnToolsVersion = 13.3;
						TestTargetID = DF4629B92851051B00E47343;
					};
				};
			};
			buildConfigurationList = DF4629AB2851051700E47343 /* Build configuration list for PBXProject "Beckers" */;
			compatibilityVersion = "Xcode 13.0";
			developmentRegion = en;
			hasScannedForEncodings = 0;
			knownRegions = (
				en,
				Base,
			);
			mainGroup = DF4629A72851051700E47343;
			productRefGroup = DF4629B52851051B00E47343 /* Products */;
			projectDirPath = "";
			projectRoot = "";
			targets = (
				DF4629B32851051B00E47343 /* Beckers (iOS) */,
				DF4629B92851051B00E47343 /* Beckers (macOS) */,
				DF4629C02851051B00E47343 /* Tests iOS */,
				DF4629CC2851051C00E47343 /* Tests macOS */,
			);
		};
/* End PBXProject section */

/* Begin PBXResourcesBuildPhase section */
		DF4629B22851051B00E47343 /* Resources */ = {
			isa = PBXResourcesBuildPhase;
			buildActionMask = 2147483647;
			files = (
				DF4629D92851051C00E47343 /* Assets.xcassets in Resources */,
			);
			runOnlyForDeploymentPostprocessing = 0;
		};
		DF4629B82851051B00E47343 /* Resources */ = {
			isa = PBXResourcesBuildPhase;
			buildActionMask = 2147483647;
			files = (
				DF4629DA2851051C00E47343 /* Assets.xcassets in Resources */,
			);
			runOnlyForDeploymentPostprocessing = 0;
		};
		DF4629BF2851051B00E47343 /* Resources */ = {
			isa = PBXResourcesBuildPhase;
			buildActionMask = 2147483647;
			files = (
			);
			runOnlyForDeploymentPostprocessing = 0;
		};
		DF4629CB2851051C00E47343 /* Resources */ = {
			isa = PBXResourcesBuildPhase;
			buildActionMask = 2147483647;
			files = (
			);
			runOnlyForDeploymentPostprocessing = 0;
		};
/* End PBXResourcesBuildPhase section */

/* Begin PBXSourcesBuildPhase section */
		DF4629B02851051B00E47343 /* Sources */ = {
			isa = PBXSourcesBuildPhase;
			buildActionMask = 2147483647;
			files = (
				DF4629D72851051C00E47343 /* ContentView.swift in Sources */,
				DF4629EA285932D900E47343 /* GameModels.swift in Sources */,
				DF4629D52851051C00E47343 /* BeckersApp.swift in Sources */,
			);
			runOnlyForDeploymentPostprocessing = 0;
		};
		DF4629B62851051B00E47343 /* Sources */ = {
			isa = PBXSourcesBuildPhase;
			buildActionMask = 2147483647;
			files = (
				DF4629D82851051C00E47343 /* ContentView.swift in Sources */,
				DF4629EB285932D900E47343 /* GameModels.swift in Sources */,
				DF4629D62851051C00E47343 /* BeckersApp.swift in Sources */,
			);
			runOnlyForDeploymentPostprocessing = 0;
		};
		DF4629BD2851051B00E47343 /* Sources */ = {
			isa = PBXSourcesBuildPhase;
			buildActionMask = 2147483647;
			files = (
				DF4629C82851051B00E47343 /* Tests_iOSLaunchTests.swift in Sources */,
				DF4629C62851051B00E47343 /* Tests_iOS.swift in Sources */,
			);
			runOnlyForDeploymentPostprocessing = 0;
		};
		DF4629C92851051C00E47343 /* Sources */ = {
			isa = PBXSourcesBuildPhase;
			buildActionMask = 2147483647;
			files = (
				DF4629D42851051C00E47343 /* Tests_macOSLaunchTests.swift in Sources */,
				DF4629D22851051C00E47343 /* Tests_macOS.swift in Sources */,
			);
			runOnlyForDeploymentPostprocessing = 0;
		};
/* End PBXSourcesBuildPhase section */

/* Begin PBXTargetDependency section */
		DF4629C32851051B00E47343 /* PBXTargetDependency */ = {
			isa = PBXTargetDependency;
			target = DF4629B32851051B00E47343 /* Beckers (iOS) */;
			targetProxy = DF4629C22851051B00E47343 /* PBXContainerItemProxy */;
		};
		DF4629CF2851051C00E47343 /* PBXTargetDependency */ = {
			isa = PBXTargetDependency;
			target = DF4629B92851051B00E47343 /* Beckers (macOS) */;
			targetProxy = DF4629CE2851051C00E47343 /* PBXContainerItemProxy */;
		};
/* End PBXTargetDependency section */

/* Begin XCBuildConfiguration section */
		DF4629DB2851051C00E47343 /* Debug */ = {
			isa = XCBuildConfiguration;
			buildSettings = {
				ALWAYS_SEARCH_USER_PATHS = NO;
				CLANG_ANALYZER_NONNULL = YES;
				CLANG_ANALYZER_NUMBER_OBJECT_CONVERSION = YES_AGGRESSIVE;
				CLANG_CXX_LANGUAGE_STANDARD = "gnu++17";
				CLANG_ENABLE_MODULES = YES;
				CLANG_ENABLE_OBJC_ARC = YES;
				CLANG_ENABLE_OBJC_WEAK = YES;
				CLANG_WARN_BLOCK_CAPTURE_AUTORELEASING = YES;
				CLANG_WARN_BOOL_CONVERSION = YES;
				CLANG_WARN_COMMA = YES;
				CLANG_WARN_CONSTANT_CONVERSION = YES;
				CLANG_WARN_DEPRECATED_OBJC_IMPLEMENTATIONS = YES;
				CLANG_WARN_DIRECT_OBJC_ISA_USAGE = YES_ERROR;
				CLANG_WARN_DOCUMENTATION_COMMENTS = YES;
				CLANG_WARN_EMPTY_BODY = YES;
				CLANG_WARN_ENUM_CONVERSION = YES;
				CLANG_WARN_INFINITE_RECURSION = YES;
				CLANG_WARN_INT_CONVERSION = YES;
				CLANG_WARN_NON_LITERAL_NULL_CONVERSION = YES;
				CLANG_WARN_OBJC_IMPLICIT_RETAIN_SELF = YES;
				CLANG_WARN_OBJC_LITERAL_CONVERSION = YES;
				CLANG_WARN_OBJC_ROOT_CLASS = YES_ERROR;
				CLANG_WARN_QUOTED_INCLUDE_IN_FRAMEWORK_HEADER = YES;
				CLANG_WARN_RANGE_LOOP_ANALYSIS = YES;
				CLANG_WARN_STRICT_PROTOTYPES = YES;
				CLANG_WARN_SUSPICIOUS_MOVE = YES;
				CLANG_WARN_UNGUARDED_AVAILABILITY = YES_AGGRESSIVE;
				CLANG_WARN_UNREACHABLE_CODE = YES;
				CLANG_WARN__DUPLICATE_METHOD_MATCH = YES;
				COPY_PHASE_STRIP = NO;
				DEBUG_INFORMATION_FORMAT = dwarf;
				ENABLE_STRICT_OBJC_MSGSEND = YES;
				ENABLE_TESTABILITY = YES;
				GCC_C_LANGUAGE_STANDARD = gnu11;
				GCC_DYNAMIC_NO_PIC = NO;
				GCC_NO_COMMON_BLOCKS = YES;
				GCC_OPTIMIZATION_LEVEL = 0;
				GCC_PREPROCESSOR_DEFINITIONS = (
					"DEBUG=1",
					"$(inherited)",
				);
				GCC_WARN_64_TO_32_BIT_CONVERSION = YES;
				GCC_WARN_ABOUT_RETURN_TYPE = YES_ERROR;
				GCC_WARN_UNDECLARED_SELECTOR = YES;
				GCC_WARN_UNINITIALIZED_AUTOS = YES_AGGRESSIVE;
				GCC_WARN_UNUSED_FUNCTION = YES;
				GCC_WARN_UNUSED_VARIABLE = YES;
				MTL_ENABLE_DEBUG_INFO = INCLUDE_SOURCE;
				MTL_FAST_MATH = YES;
				ONLY_ACTIVE_ARCH = YES;
				SWIFT_ACTIVE_COMPILATION_CONDITIONS = DEBUG;
				SWIFT_OPTIMIZATION_LEVEL = "-Onone";
			};
			name = Debug;
		};
		DF4629DC2851051C00E47343 /* Release */ = {
			isa = XCBuildConfiguration;
			buildSettings = {
				ALWAYS_SEARCH_USER_PATHS = NO;
				CLANG_ANALYZER_NONNULL = YES;
				CLANG_ANALYZER_NUMBER_OBJECT_CONVERSION = YES_AGGRESSIVE;
				CLANG_CXX_LANGUAGE_STANDARD = "gnu++17";
				CLANG_ENABLE_MODULES = YES;
				CLANG_ENABLE_OBJC_ARC = YES;
				CLANG_ENABLE_OBJC_WEAK = YES;
				CLANG_WARN_BLOCK_CAPTURE_AUTORELEASING = YES;
				CLANG_WARN_BOOL_CONVERSION = YES;
				CLANG_WARN_COMMA = YES;
				CLANG_WARN_CONSTANT_CONVERSION = YES;
				CLANG_WARN_DEPRECATED_OBJC_IMPLEMENTATIONS = YES;
				CLANG_WARN_DIRECT_OBJC_ISA_USAGE = YES_ERROR;
				CLANG_WARN_DOCUMENTATION_COMMENTS = YES;
				CLANG_WARN_EMPTY_BODY = YES;
				CLANG_WARN_ENUM_CONVERSION = YES;
				CLANG_WARN_INFINITE_RECURSION = YES;
				CLANG_WARN_INT_CONVERSION = YES;
				CLANG_WARN_NON_LITERAL_NULL_CONVERSION = YES;
				CLANG_WARN_OBJC_IMPLICIT_RETAIN_SELF = YES;
				CLANG_WARN_OBJC_LITERAL_CONVERSION = YES;
				CLANG_WARN_OBJC_ROOT_CLASS = YES_ERROR;
				CLANG_WARN_QUOTED_INCLUDE_IN_FRAMEWORK_HEADER = YES;
				CLANG_WARN_RANGE_LOOP_ANALYSIS = YES;
				CLANG_WARN_STRICT_PROTOTYPES = YES;
				CLANG_WARN_SUSPICIOUS_MOVE = YES;
				CLANG_WARN_UNGUARDED_AVAILABILITY = YES_AGGRESSIVE;
				CLANG_WARN_UNREACHABLE_CODE = YES;
				CLANG_WARN__DUPLICATE_METHOD_MATCH = YES;
				COPY_PHASE_STRIP = NO;
				DEBUG_INFORMATION_FORMAT = "dwarf-with-dsym";
				ENABLE_NS_ASSERTIONS = NO;
				ENABLE_STRICT_OBJC_MSGSEND = YES;
				GCC_C_LANGUAGE_STANDARD = gnu11;
				GCC_NO_COMMON_BLOCKS = YES;
				GCC_WARN_64_TO_32_BIT_CONVERSION = YES;
				GCC_WARN_ABOUT_RETURN_TYPE = YES_ERROR;
				GCC_WARN_UNDECLARED_SELECTOR = YES;
				GCC_WARN_UNINITIALIZED_AUTOS = YES_AGGRESSIVE;
				GCC_WARN_UNUSED_FUNCTION = YES;
				GCC_WARN_UNUSED_VARIABLE = YES;
				MTL_ENABLE_DEBUG_INFO = NO;
				MTL_FAST_MATH = YES;
				SWIFT_COMPILATION_MODE = wholemodule;
				SWIFT_OPTIMIZATION_LEVEL = "-O";
			};
			name = Release;
		};
		DF4629DE2851051C00E47343 /* Debug */ = {
			isa = XCBuildConfiguration;
			buildSettings = {
				ASSETCATALOG_COMPILER_APPICON_NAME = AppIcon;
				ASSETCATALOG_COMPILER_GLOBAL_ACCENT_COLOR_NAME = AccentColor;
				CODE_SIGN_STYLE = Automatic;
				CURRENT_PROJECT_VERSION = 1;
				DEVELOPMENT_TEAM = 9M5CS7L3FF;
				ENABLE_PREVIEWS = YES;
				GENERATE_INFOPLIST_FILE = YES;
				INFOPLIST_KEY_UIApplicationSceneManifest_Generation = YES;
				INFOPLIST_KEY_UIApplicationSupportsIndirectInputEvents = YES;
				INFOPLIST_KEY_UILaunchScreen_Generation = YES;
				INFOPLIST_KEY_UISupportedInterfaceOrientations_iPad = "UIInterfaceOrientationPortrait UIInterfaceOrientationPortraitUpsideDown UIInterfaceOrientationLandscapeLeft UIInterfaceOrientationLandscapeRight";
				INFOPLIST_KEY_UISupportedInterfaceOrientations_iPhone = "UIInterfaceOrientationPortrait UIInterfaceOrientationLandscapeLeft UIInterfaceOrientationLandscapeRight";
				IPHONEOS_DEPLOYMENT_TARGET = 15.4;
				LD_RUNPATH_SEARCH_PATHS = (
					"$(inherited)",
					"@executable_path/Frameworks",
				);
				MARKETING_VERSION = 1.0;
				PRODUCT_BUNDLE_IDENTIFIER = com.davidcairns.Beckers;
				PRODUCT_NAME = Beckers;
				SDKROOT = iphoneos;
				SWIFT_EMIT_LOC_STRINGS = YES;
				SWIFT_VERSION = 5.0;
				TARGETED_DEVICE_FAMILY = "1,2";
			};
			name = Debug;
		};
		DF4629DF2851051C00E47343 /* Release */ = {
			isa = XCBuildConfiguration;
			buildSettings = {
				ASSETCATALOG_COMPILER_APPICON_NAME = AppIcon;
				ASSETCATALOG_COMPILER_GLOBAL_ACCENT_COLOR_NAME = AccentColor;
				CODE_SIGN_STYLE = Automatic;
				CURRENT_PROJECT_VERSION = 1;
				DEVELOPMENT_TEAM = 9M5CS7L3FF;
				ENABLE_PREVIEWS = YES;
				GENERATE_INFOPLIST_FILE = YES;
				INFOPLIST_KEY_UIApplicationSceneManifest_Generation = YES;
				INFOPLIST_KEY_UIApplicationSupportsIndirectInputEvents = YES;
				INFOPLIST_KEY_UILaunchScreen_Generation = YES;
				INFOPLIST_KEY_UISupportedInterfaceOrientations_iPad = "UIInterfaceOrientationPortrait UIInterfaceOrientationPortraitUpsideDown UIInterfaceOrientationLandscapeLeft UIInterfaceOrientationLandscapeRight";
				INFOPLIST_KEY_UISupportedInterfaceOrientations_iPhone = "UIInterfaceOrientationPortrait UIInterfaceOrientationLandscapeLeft UIInterfaceOrientationLandscapeRight";
				IPHONEOS_DEPLOYMENT_TARGET = 15.4;
				LD_RUNPATH_SEARCH_PATHS = (
					"$(inherited)",
					"@executable_path/Frameworks",
				);
				MARKETING_VERSION = 1.0;
				PRODUCT_BUNDLE_IDENTIFIER = com.davidcairns.Beckers;
				PRODUCT_NAME = Beckers;
				SDKROOT = iphoneos;
				SWIFT_EMIT_LOC_STRINGS = YES;
				SWIFT_VERSION = 5.0;
				TARGETED_DEVICE_FAMILY = "1,2";
				VALIDATE_PRODUCT = YES;
			};
			name = Release;
		};
		DF4629E12851051C00E47343 /* Debug */ = {
			isa = XCBuildConfiguration;
			buildSettings = {
				ASSETCATALOG_COMPILER_APPICON_NAME = AppIcon;
				ASSETCATALOG_COMPILER_GLOBAL_ACCENT_COLOR_NAME = AccentColor;
				CODE_SIGN_ENTITLEMENTS = macOS/macOS.entitlements;
				CODE_SIGN_STYLE = Automatic;
				COMBINE_HIDPI_IMAGES = YES;
				CURRENT_PROJECT_VERSION = 1;
				DEVELOPMENT_TEAM = 9M5CS7L3FF;
				ENABLE_HARDENED_RUNTIME = YES;
				ENABLE_PREVIEWS = YES;
				GENERATE_INFOPLIST_FILE = YES;
				INFOPLIST_KEY_NSHumanReadableCopyright = "";
				LD_RUNPATH_SEARCH_PATHS = (
					"$(inherited)",
					"@executable_path/../Frameworks",
				);
				MACOSX_DEPLOYMENT_TARGET = 12.2;
				MARKETING_VERSION = 1.0;
				PRODUCT_BUNDLE_IDENTIFIER = com.davidcairns.Beckers;
				PRODUCT_NAME = Beckers;
				SDKROOT = macosx;
				SWIFT_EMIT_LOC_STRINGS = YES;
				SWIFT_VERSION = 5.0;
			};
			name = Debug;
		};
		DF4629E22851051C00E47343 /* Release */ = {
			isa = XCBuildConfiguration;
			buildSettings = {
				ASSETCATALOG_COMPILER_APPICON_NAME = AppIcon;
				ASSETCATALOG_COMPILER_GLOBAL_ACCENT_COLOR_NAME = AccentColor;
				CODE_SIGN_ENTITLEMENTS = macOS/macOS.entitlements;
				CODE_SIGN_STYLE = Automatic;
				COMBINE_HIDPI_IMAGES = YES;
				CURRENT_PROJECT_VERSION = 1;
				DEVELOPMENT_TEAM = 9M5CS7L3FF;
				ENABLE_HARDENED_RUNTIME = YES;
				ENABLE_PREVIEWS = YES;
				GENERATE_INFOPLIST_FILE = YES;
				INFOPLIST_KEY_NSHumanReadableCopyright = "";
				LD_RUNPATH_SEARCH_PATHS = (
					"$(inherited)",
					"@executable_path/../Frameworks",
				);
				MACOSX_DEPLOYMENT_TARGET = 12.2;
				MARKETING_VERSION = 1.0;
				PRODUCT_BUNDLE_IDENTIFIER = com.davidcairns.Beckers;
				PRODUCT_NAME = Beckers;
				SDKROOT = macosx;
				SWIFT_EMIT_LOC_STRINGS = YES;
				SWIFT_VERSION = 5.0;
			};
			name = Release;
		};
		DF4629E42851051C00E47343 /* Debug */ = {
			isa = XCBuildConfiguration;
			buildSettings = {
				ALWAYS_EMBED_SWIFT_STANDARD_LIBRARIES = YES;
				CODE_SIGN_STYLE = Automatic;
				CURRENT_PROJECT_VERSION = 1;
				DEVELOPMENT_TEAM = 9M5CS7L3FF;
				GENERATE_INFOPLIST_FILE = YES;
				IPHONEOS_DEPLOYMENT_TARGET = 15.4;
				MARKETING_VERSION = 1.0;
				PRODUCT_BUNDLE_IDENTIFIER = "com.davidcairns.Tests-iOS";
				PRODUCT_NAME = "$(TARGET_NAME)";
				SDKROOT = iphoneos;
				SWIFT_EMIT_LOC_STRINGS = NO;
				SWIFT_VERSION = 5.0;
				TARGETED_DEVICE_FAMILY = "1,2";
				TEST_TARGET_NAME = "Beckers (iOS)";
			};
			name = Debug;
		};
		DF4629E52851051C00E47343 /* Release */ = {
			isa = XCBuildConfiguration;
			buildSettings = {
				ALWAYS_EMBED_SWIFT_STANDARD_LIBRARIES = YES;
				CODE_SIGN_STYLE = Automatic;
				CURRENT_PROJECT_VERSION = 1;
				DEVELOPMENT_TEAM = 9M5CS7L3FF;
				GENERATE_INFOPLIST_FILE = YES;
				IPHONEOS_DEPLOYMENT_TARGET = 15.4;
				MARKETING_VERSION = 1.0;
				PRODUCT_BUNDLE_IDENTIFIER = "com.davidcairns.Tests-iOS";
				PRODUCT_NAME = "$(TARGET_NAME)";
				SDKROOT = iphoneos;
				SWIFT_EMIT_LOC_STRINGS = NO;
				SWIFT_VERSION = 5.0;
				TARGETED_DEVICE_FAMILY = "1,2";
				TEST_TARGET_NAME = "Beckers (iOS)";
				VALIDATE_PRODUCT = YES;
			};
			name = Release;
		};
		DF4629E72851051C00E47343 /* Debug */ = {
			isa = XCBuildConfiguration;
			buildSettings = {
				ALWAYS_EMBED_SWIFT_STANDARD_LIBRARIES = YES;
				CODE_SIGN_STYLE = Automatic;
				CURRENT_PROJECT_VERSION = 1;
				DEVELOPMENT_TEAM = 9M5CS7L3FF;
				GENERATE_INFOPLIST_FILE = YES;
				MACOSX_DEPLOYMENT_TARGET = 12.2;
				MARKETING_VERSION = 1.0;
				PRODUCT_BUNDLE_IDENTIFIER = "com.davidcairns.Tests-macOS";
				PRODUCT_NAME = "$(TARGET_NAME)";
				SDKROOT = macosx;
				SWIFT_EMIT_LOC_STRINGS = NO;
				SWIFT_VERSION = 5.0;
				TEST_TARGET_NAME = "Beckers (macOS)";
			};
			name = Debug;
		};
		DF4629E82851051C00E47343 /* Release */ = {
			isa = XCBuildConfiguration;
			buildSettings = {
				ALWAYS_EMBED_SWIFT_STANDARD_LIBRARIES = YES;
				CODE_SIGN_STYLE = Automatic;
				CURRENT_PROJECT_VERSION = 1;
				DEVELOPMENT_TEAM = 9M5CS7L3FF;
				GENERATE_INFOPLIST_FILE = YES;
				MACOSX_DEPLOYMENT_TARGET = 12.2;
				MARKETING_VERSION = 1.0;
				PRODUCT_BUNDLE_IDENTIFIER = "com.davidcairns.Tests-macOS";
				PRODUCT_NAME = "$(TARGET_NAME)";
				SDKROOT = macosx;
				SWIFT_EMIT_LOC_STRINGS = NO;
				SWIFT_VERSION = 5.0;
				TEST_TARGET_NAME = "Beckers (macOS)";
			};
			name = Release;
		};
/* End XCBuildConfiguration section */

/* Begin XCConfigurationList section */
		DF4629AB2851051700E47343 /* Build configuration list for PBXProject "Beckers" */ = {
			isa = XCConfigurationList;
			buildConfigurations = (
				DF4629DB2851051C00E47343 /* Debug */,
				DF4629DC2851051C00E47343 /* Release */,
			);
			defaultConfigurationIsVisible = 0;
			defaultConfigurationName = Release;
		};
		DF4629DD2851051C00E47343 /* Build configuration list for PBXNativeTarget "Beckers (iOS)" */ = {
			isa = XCConfigurationList;
			buildConfigurations = (
				DF4629DE2851051C00E47343 /* Debug */,
				DF4629DF2851051C00E47343 /* Release */,
			);
			defaultConfigurationIsVisible = 0;
			defaultConfigurationName = Release;
		};
		DF4629E02851051C00E47343 /* Build configuration list for PBXNativeTarget "Beckers (macOS)" */ = {
			isa = XCConfigurationList;
			buildConfigurations = (
				DF4629E12851051C00E47343 /* Debug */,
				DF4629E22851051C00E47343 /* Release */,
			);
			defaultConfigurationIsVisible = 0;
			defaultConfigurationName = Release;
		};
		DF4629E32851051C00E47343 /* Build configuration list for PBXNativeTarget "Tests iOS" */ = {
			isa = XCConfigurationList;
			buildConfigurations = (
				DF4629E42851051C00E47343 /* Debug */,
				DF4629E52851051C00E47343 /* Release */,
			);
			defaultConfigurationIsVisible = 0;
			defaultConfigurationName = Release;
		};
		DF4629E62851051C00E47343 /* Build configuration list for PBXNativeTarget "Tests macOS" */ = {
			isa = XCConfigurationList;
			buildConfigurations = (
				DF4629E72851051C00E47343 /* Debug */,
				DF4629E82851051C00E47343 /* Release */,
			);
			defaultConfigurationIsVisible = 0;
			defaultConfigurationName = Release;
		};
/* End XCConfigurationList section */
	};
	rootObject = DF4629A82851051700E47343 /* Project object */;
}
